// !$*UTF8*$!
{
	archiveVersion = 1;
	classes = {
	};
	objectVersion = 46;
	objects = {

/* Begin PBXBuildFile section */
		491DAED01C356BC100FC3AB2 /* StatusInfo.plist in Resources */ = {isa = PBXBuildFile; fileRef = 491DAECF1C356BC100FC3AB2 /* StatusInfo.plist */; };
		491DAED21C357E5000FC3AB2 /* 1.png in Resources */ = {isa = PBXBuildFile; fileRef = 491DAED11C357E5000FC3AB2 /* 1.png */; };
		491DAED41C357E6E00FC3AB2 /* type.png in Resources */ = {isa = PBXBuildFile; fileRef = 491DAED31C357E6E00FC3AB2 /* type.png */; };
		497191661C315F4400DCF97E /* AppDelegate.swift in Sources */ = {isa = PBXBuildFile; fileRef = 497191651C315F4400DCF97E /* AppDelegate.swift */; };
		4971916B1C315F4400DCF97E /* Main.storyboard in Resources */ = {isa = PBXBuildFile; fileRef = 497191691C315F4400DCF97E /* Main.storyboard */; };
		4971916D1C315F4400DCF97E /* Assets.xcassets in Resources */ = {isa = PBXBuildFile; fileRef = 4971916C1C315F4400DCF97E /* Assets.xcassets */; };
		497191701C315F4400DCF97E /* LaunchScreen.storyboard in Resources */ = {isa = PBXBuildFile; fileRef = 4971916E1C315F4400DCF97E /* LaunchScreen.storyboard */; };
		497191781C31608600DCF97E /* Contact.swift in Sources */ = {isa = PBXBuildFile; fileRef = 497191771C31608600DCF97E /* Contact.swift */; };
		4971917A1C31623100DCF97E /* ContactGroup.swift in Sources */ = {isa = PBXBuildFile; fileRef = 497191791C31623100DCF97E /* ContactGroup.swift */; };
		4971917C1C31638D00DCF97E /* MainTableViewController.swift in Sources */ = {isa = PBXBuildFile; fileRef = 4971917B1C31638D00DCF97E /* MainTableViewController.swift */; };
		4971917E1C3164E100DCF97E /* ContactStore.swift in Sources */ = {isa = PBXBuildFile; fileRef = 4971917D1C3164E100DCF97E /* ContactStore.swift */; };
		49F925731C341DD20070B700 /* StatusTableViewController.swift in Sources */ = {isa = PBXBuildFile; fileRef = 49F925721C341DD20070B700 /* StatusTableViewController.swift */; };
		49F925751C341E460070B700 /* Status.swift in Sources */ = {isa = PBXBuildFile; fileRef = 49F925741C341E460070B700 /* Status.swift */; };
		49F925781C3425CD0070B700 /* StatusTableViewCell.swift in Sources */ = {isa = PBXBuildFile; fileRef = 49F925761C3425CD0070B700 /* StatusTableViewCell.swift */; };
		49F925791C3425CD0070B700 /* StatusTableViewCell.xib in Resources */ = {isa = PBXBuildFile; fileRef = 49F925771C3425CD0070B700 /* StatusTableViewCell.xib */; };
/* End PBXBuildFile section */

/* Begin PBXFileReference section */
		491DAECF1C356BC100FC3AB2 /* StatusInfo.plist */ = {isa = PBXFileReference; fileEncoding = 4; lastKnownFileType = text.plist.xml; path = StatusInfo.plist; sourceTree = "<group>"; };
		491DAED11C357E5000FC3AB2 /* 1.png */ = {isa = PBXFileReference; lastKnownFileType = image.png; name = 1.png; path = Assets.xcassets/1.imageset/1.png; sourceTree = "<group>"; };
		491DAED31C357E6E00FC3AB2 /* type.png */ = {isa = PBXFileReference; lastKnownFileType = image.png; name = type.png; path = Assets.xcassets/type.imageset/type.png; sourceTree = "<group>"; };
		497191621C315F4400DCF97E /* UITableViewDemo.app */ = {isa = PBXFileReference; explicitFileType = wrapper.application; includeInIndex = 0; path = UITableViewDemo.app; sourceTree = BUILT_PRODUCTS_DIR; };
		497191651C315F4400DCF97E /* AppDelegate.swift */ = {isa = PBXFileReference; lastKnownFileType = sourcecode.swift; path = AppDelegate.swift; sourceTree = "<group>"; };
		4971916A1C315F4400DCF97E /* Base */ = {isa = PBXFileReference; lastKnownFileType = file.storyboard; name = Base; path = Base.lproj/Main.storyboard; sourceTree = "<group>"; };
		4971916C1C315F4400DCF97E /* Assets.xcassets */ = {isa = PBXFileReference; lastKnownFileType = folder.assetcatalog; path = Assets.xcassets; sourceTree = "<group>"; };
		4971916F1C315F4400DCF97E /* Base */ = {isa = PBXFileReference; lastKnownFileType = file.storyboard; name = Base; path = Base.lproj/LaunchScreen.storyboard; sourceTree = "<group>"; };
		497191711C315F4400DCF97E /* Info.plist */ = {isa = PBXFileReference; lastKnownFileType = text.plist.xml; path = Info.plist; sourceTree = "<group>"; };
		497191771C31608600DCF97E /* Contact.swift */ = {isa = PBXFileReference; fileEncoding = 4; lastKnownFileType = sourcecode.swift; path = Contact.swift; sourceTree = "<group>"; };
		497191791C31623100DCF97E /* ContactGroup.swift */ = {isa = PBXFileReference; fileEncoding = 4; lastKnownFileType = sourcecode.swift; path = ContactGroup.swift; sourceTree = "<group>"; };
		4971917B1C31638D00DCF97E /* MainTableViewController.swift */ = {isa = PBXFileReference; fileEncoding = 4; lastKnownFileType = sourcecode.swift; path = MainTableViewController.swift; sourceTree = "<group>"; };
		4971917D1C3164E100DCF97E /* ContactStore.swift */ = {isa = PBXFileReference; fileEncoding = 4; lastKnownFileType = sourcecode.swift; path = ContactStore.swift; sourceTree = "<group>"; };
		49F925721C341DD20070B700 /* StatusTableViewController.swift */ = {isa = PBXFileReference; fileEncoding = 4; lastKnownFileType = sourcecode.swift; path = StatusTableViewController.swift; sourceTree = "<group>"; };
		49F925741C341E460070B700 /* Status.swift */ = {isa = PBXFileReference; fileEncoding = 4; lastKnownFileType = sourcecode.swift; path = Status.swift; sourceTree = "<group>"; };
		49F925761C3425CD0070B700 /* StatusTableViewCell.swift */ = {isa = PBXFileReference; fileEncoding = 4; lastKnownFileType = sourcecode.swift; path = StatusTableViewCell.swift; sourceTree = "<group>"; };
		49F925771C3425CD0070B700 /* StatusTableViewCell.xib */ = {isa = PBXFileReference; fileEncoding = 4; lastKnownFileType = file.xib; path = StatusTableViewCell.xib; sourceTree = "<group>"; };
/* End PBXFileReference section */

/* Begin PBXFrameworksBuildPhase section */
		4971915F1C315F4400DCF97E /* Frameworks */ = {
			isa = PBXFrameworksBuildPhase;
			buildActionMask = 2147483647;
			files = (
			);
			runOnlyForDeploymentPostprocessing = 0;
		};
/* End PBXFrameworksBuildPhase section */

/* Begin PBXGroup section */
		49060D171C341C11006B8895 /* Supporting Files */ = {
			isa = PBXGroup;
			children = (
				491DAECF1C356BC100FC3AB2 /* StatusInfo.plist */,
			);
			path = "Supporting Files";
			sourceTree = "<group>";
		};
		497191591C315F4400DCF97E = {
			isa = PBXGroup;
			children = (
				497191631C315F4400DCF97E /* Products */,
				497191641C315F4400DCF97E /* UITableViewDemo */,
			);
			sourceTree = "<group>";
		};
		497191631C315F4400DCF97E /* Products */ = {
			isa = PBXGroup;
			children = (
				497191621C315F4400DCF97E /* UITableViewDemo.app */,
			);
			name = Products;
			sourceTree = "<group>";
		};
		497191641C315F4400DCF97E /* UITableViewDemo */ = {
			isa = PBXGroup;
			children = (
				4971917F1C318CAA00DCF97E /* Contact Data */,
				49060D171C341C11006B8895 /* Supporting Files */,
				491DAED11C357E5000FC3AB2 /* 1.png */,
				497191651C315F4400DCF97E /* AppDelegate.swift */,
				4971916C1C315F4400DCF97E /* Assets.xcassets */,
				497191711C315F4400DCF97E /* Info.plist */,
				4971916E1C315F4400DCF97E /* LaunchScreen.storyboard */,
				497191691C315F4400DCF97E /* Main.storyboard */,
				4971917B1C31638D00DCF97E /* MainTableViewController.swift */,
				49F925761C3425CD0070B700 /* StatusTableViewCell.swift */,
				49F925771C3425CD0070B700 /* StatusTableViewCell.xib */,
				49F925721C341DD20070B700 /* StatusTableViewController.swift */,
				491DAED31C357E6E00FC3AB2 /* type.png */,
			);
			path = UITableViewDemo;
			sourceTree = "<group>";
		};
		4971917F1C318CAA00DCF97E /* Contact Data */ = {
			isa = PBXGroup;
			children = (
				497191771C31608600DCF97E /* Contact.swift */,
				497191791C31623100DCF97E /* ContactGroup.swift */,
				4971917D1C3164E100DCF97E /* ContactStore.swift */,
				49F925741C341E460070B700 /* Status.swift */,
			);
			path = "Contact Data";
			sourceTree = "<group>";
		};
/* End PBXGroup section */

/* Begin PBXNativeTarget section */
		497191611C315F4400DCF97E /* UITableViewDemo */ = {
			isa = PBXNativeTarget;
			buildConfigurationList = 497191741C315F4400DCF97E /* Build configuration list for PBXNativeTarget "UITableViewDemo" */;
			buildPhases = (
				4971915E1C315F4400DCF97E /* Sources */,
				4971915F1C315F4400DCF97E /* Frameworks */,
				497191601C315F4400DCF97E /* Resources */,
			);
			buildRules = (
			);
			dependencies = (
			);
			name = UITableViewDemo;
			productName = UITableViewDemo;
			productReference = 497191621C315F4400DCF97E /* UITableViewDemo.app */;
			productType = "com.apple.product-type.application";
		};
/* End PBXNativeTarget section */

/* Begin PBXProject section */
		4971915A1C315F4400DCF97E /* Project object */ = {
			isa = PBXProject;
			attributes = {
				LastSwiftUpdateCheck = 0720;
				LastUpgradeCheck = 0720;
				ORGANIZATIONNAME = jiangchao;
				TargetAttributes = {
					497191611C315F4400DCF97E = {
						CreatedOnToolsVersion = 7.2;
					};
				};
			};
			buildConfigurationList = 4971915D1C315F4400DCF97E /* Build configuration list for PBXProject "UITableViewDemo" */;
			compatibilityVersion = "Xcode 3.2";
			developmentRegion = English;
			hasScannedForEncodings = 0;
			knownRegions = (
				en,
				Base,
			);
			mainGroup = 497191591C315F4400DCF97E;
			productRefGroup = 497191631C315F4400DCF97E /* Products */;
			projectDirPath = "";
			projectRoot = "";
			targets = (
				497191611C315F4400DCF97E /* UITableViewDemo */,
			);
		};
/* End PBXProject section */

/* Begin PBXResourcesBuildPhase section */
		497191601C315F4400DCF97E /* Resources */ = {
			isa = PBXResourcesBuildPhase;
			buildActionMask = 2147483647;
			files = (
				497191701C315F4400DCF97E /* LaunchScreen.storyboard in Resources */,
				49F925791C3425CD0070B700 /* StatusTableViewCell.xib in Resources */,
				491DAED01C356BC100FC3AB2 /* StatusInfo.plist in Resources */,
				491DAED21C357E5000FC3AB2 /* 1.png in Resources */,
				4971916D1C315F4400DCF97E /* Assets.xcassets in Resources */,
				4971916B1C315F4400DCF97E /* Main.storyboard in Resources */,
				491DAED41C357E6E00FC3AB2 /* type.png in Resources */,
			);
			runOnlyForDeploymentPostprocessing = 0;
		};
/* End PBXResourcesBuildPhase section */

/* Begin PBXSourcesBuildPhase section */
		4971915E1C315F4400DCF97E /* Sources */ = {
			isa = PBXSourcesBuildPhase;
			buildActionMask = 2147483647;
			files = (
				4971917C1C31638D00DCF97E /* MainTableViewController.swift in Sources */,
				497191781C31608600DCF97E /* Contact.swift in Sources */,
				49F925751C341E460070B700 /* Status.swift in Sources */,
				49F925781C3425CD0070B700 /* StatusTableViewCell.swift in Sources */,
				4971917A1C31623100DCF97E /* ContactGroup.swift in Sources */,
				49F925731C341DD20070B700 /* StatusTableViewController.swift in Sources */,
				497191661C315F4400DCF97E /* AppDelegate.swift in Sources */,
				4971917E1C3164E100DCF97E /* ContactStore.swift in Sources */,
			);
			runOnlyForDeploymentPostprocessing = 0;
		};
/* End PBXSourcesBuildPhase section */

/* Begin PBXVariantGroup section */
		497191691C315F4400DCF97E /* Main.storyboard */ = {
			isa = PBXVariantGroup;
			children = (
				4971916A1C315F4400DCF97E /* Base */,
			);
			name = Main.storyboard;
			path = .;
			sourceTree = "<group>";
		};
		4971916E1C315F4400DCF97E /* LaunchScreen.storyboard */ = {
			isa = PBXVariantGroup;
			children = (
				4971916F1C315F4400DCF97E /* Base */,
			);
			name = LaunchScreen.storyboard;
			path = .;
			sourceTree = "<group>";
		};
/* End PBXVariantGroup section */

/* Begin XCBuildConfiguration section */
		497191721C315F4400DCF97E /* Debug */ = {
			isa = XCBuildConfiguration;
			buildSettings = {
				ALWAYS_SEARCH_USER_PATHS = NO;
				CLANG_CXX_LANGUAGE_STANDARD = "gnu++0x";
				CLANG_CXX_LIBRARY = "libc++";
				CLANG_ENABLE_MODULES = YES;
				CLANG_ENABLE_OBJC_ARC = YES;
				CLANG_WARN_BOOL_CONVERSION = YES;
				CLANG_WARN_CONSTANT_CONVERSION = YES;
				CLANG_WARN_DIRECT_OBJC_ISA_USAGE = YES_ERROR;
				CLANG_WARN_EMPTY_BODY = YES;
				CLANG_WARN_ENUM_CONVERSION = YES;
				CLANG_WARN_INT_CONVERSION = YES;
				CLANG_WARN_OBJC_ROOT_CLASS = YES_ERROR;
				CLANG_WARN_UNREACHABLE_CODE = YES;
				CLANG_WARN__DUPLICATE_METHOD_MATCH = YES;
				"CODE_SIGN_IDENTITY[sdk=iphoneos*]" = "iPhone Developer";
				COPY_PHASE_STRIP = NO;
				DEBUG_INFORMATION_FORMAT = dwarf;
				ENABLE_STRICT_OBJC_MSGSEND = YES;
				ENABLE_TESTABILITY = YES;
				GCC_C_LANGUAGE_STANDARD = gnu99;
				GCC_DYNAMIC_NO_PIC = NO;
				GCC_NO_COMMON_BLOCKS = YES;
				GCC_OPTIMIZATION_LEVEL = 0;
				GCC_PREPROCESSOR_DEFINITIONS = (
					"DEBUG=1",
					"$(inherited)",
				);
				GCC_WARN_64_TO_32_BIT_CONVERSION = YES;
				GCC_WARN_ABOUT_RETURN_TYPE = YES_ERROR;
				GCC_WARN_UNDECLARED_SELECTOR = YES;
				GCC_WARN_UNINITIALIZED_AUTOS = YES_AGGRESSIVE;
				GCC_WARN_UNUSED_FUNCTION = YES;
				GCC_WARN_UNUSED_VARIABLE = YES;
				IPHONEOS_DEPLOYMENT_TARGET = 9.2;
				MTL_ENABLE_DEBUG_INFO = YES;
				ONLY_ACTIVE_ARCH = YES;
				SDKROOT = iphoneos;
				SWIFT_OPTIMIZATION_LEVEL = "-Onone";
				TARGETED_DEVICE_FAMILY = "1,2";
			};
			name = Debug;
		};
		497191731C315F4400DCF97E /* Release */ = {
			isa = XCBuildConfiguration;
			buildSettings = {
				ALWAYS_SEARCH_USER_PATHS = NO;
				CLANG_CXX_LANGUAGE_STANDARD = "gnu++0x";
				CLANG_CXX_LIBRARY = "libc++";
				CLANG_ENABLE_MODULES = YES;
				CLANG_ENABLE_OBJC_ARC = YES;
				CLANG_WARN_BOOL_CONVERSION = YES;
				CLANG_WARN_CONSTANT_CONVERSION = YES;
				CLANG_WARN_DIRECT_OBJC_ISA_USAGE = YES_ERROR;
				CLANG_WARN_EMPTY_BODY = YES;
				CLANG_WARN_ENUM_CONVERSION = YES;
				CLANG_WARN_INT_CONVERSION = YES;
				CLANG_WARN_OBJC_ROOT_CLASS = YES_ERROR;
				CLANG_WARN_UNREACHABLE_CODE = YES;
				CLANG_WARN__DUPLICATE_METHOD_MATCH = YES;
				"CODE_SIGN_IDENTITY[sdk=iphoneos*]" = "iPhone Developer";
				COPY_PHASE_STRIP = NO;
				DEBUG_INFORMATION_FORMAT = "dwarf-with-dsym";
				ENABLE_NS_ASSERTIONS = NO;
				ENABLE_STRICT_OBJC_MSGSEND = YES;
				GCC_C_LANGUAGE_STANDARD = gnu99;
				GCC_NO_COMMON_BLOCKS = YES;
				GCC_WARN_64_TO_32_BIT_CONVERSION = YES;
				GCC_WARN_ABOUT_RETURN_TYPE = YES_ERROR;
				GCC_WARN_UNDECLARED_SELECTOR = YES;
				GCC_WARN_UNINITIALIZED_AUTOS = YES_AGGRESSIVE;
				GCC_WARN_UNUSED_FUNCTION = YES;
				GCC_WARN_UNUSED_VARIABLE = YES;
				IPHONEOS_DEPLOYMENT_TARGET = 9.2;
				MTL_ENABLE_DEBUG_INFO = NO;
				SDKROOT = iphoneos;
				TARGETED_DEVICE_FAMILY = "1,2";
				VALIDATE_PRODUCT = YES;
			};
			name = Release;
		};
		497191751C315F4400DCF97E /* Debug */ = {
			isa = XCBuildConfiguration;
			buildSettings = {
				ASSETCATALOG_COMPILER_APPICON_NAME = AppIcon;
				INFOPLIST_FILE = UITableViewDemo/Info.plist;
				LD_RUNPATH_SEARCH_PATHS = "$(inherited) @executable_path/Frameworks";
				PRODUCT_BUNDLE_IDENTIFIER = VEEX.UITableViewDemo;
				PRODUCT_NAME = "$(TARGET_NAME)";
			};
			name = Debug;
		};
		497191761C315F4400DCF97E /* Release */ = {
			isa = XCBuildConfiguration;
			buildSettings = {
				ASSETCATALOG_COMPILER_APPICON_NAME = AppIcon;
				INFOPLIST_FILE = UITableViewDemo/Info.plist;
				LD_RUNPATH_SEARCH_PATHS = "$(inherited) @executable_path/Frameworks";
				PRODUCT_BUNDLE_IDENTIFIER = VEEX.UITableViewDemo;
				PRODUCT_NAME = "$(TARGET_NAME)";
			};
			name = Release;
		};
/* End XCBuildConfiguration section */

/* Begin XCConfigurationList section */
		4971915D1C315F4400DCF97E /* Build configuration list for PBXProject "UITableViewDemo" */ = {
			isa = XCConfigurationList;
			buildConfigurations = (
				497191721C315F4400DCF97E /* Debug */,
				497191731C315F4400DCF97E /* Release */,
			);
			defaultConfigurationIsVisible = 0;
			defaultConfigurationName = Release;
		};
		497191741C315F4400DCF97E /* Build configuration list for PBXNativeTarget "UITableViewDemo" */ = {
			isa = XCConfigurationList;
			buildConfigurations = (
				497191751C315F4400DCF97E /* Debug */,
				497191761C315F4400DCF97E /* Release */,
			);
			defaultConfigurationIsVisible = 0;
			defaultConfigurationName = Release;
		};
/* End XCConfigurationList section */
	};
	rootObject = 4971915A1C315F4400DCF97E /* Project object */;
}
